
Microsoft Visual Studio Solution File, Format Version 12.00
Project("{FAE04EC0-301F-11D3-BF4B-00C04F79EFBC}") = "FunctionAppExample", "FunctionAppExample\FunctionAppExample.csproj", "{7B6EA70E-4B04-4E7A-BEBB-4C9EA3AD3B59}"
EndProject
Global
	GlobalSection(SolutionConfigurationPlatforms) = preSolution
		Debug|Any CPU = Debug|Any CPU
		Release|Any CPU = Release|Any CPU
	EndGlobalSection
	GlobalSection(ProjectConfigurationPlatforms) = postSolution
		{7B6EA70E-4B04-4E7A-BEBB-4C9EA3AD3B59}.Debug|Any CPU.ActiveCfg = Debug|Any CPU
		{7B6EA70E-4B04-4E7A-BEBB-4C9EA3AD3B59}.Debug|Any CPU.Build.0 = Debug|Any CPU
		{7B6EA70E-4B04-4E7A-BEBB-4C9EA3AD3B59}.Release|Any CPU.ActiveCfg = Release|Any CPU
		{7B6EA70E-4B04-4E7A-BEBB-4C9EA3AD3B59}.Release|Any CPU.Build.0 = Release|Any CPU
	EndGlobalSection
EndGlobal
